[[package]]
name = "boto3"
version = "1.17.22"
description = "The AWS SDK for Python"
category = "main"
optional = false
python-versions = ">= 2.7, !=3.0.*, !=3.1.*, !=3.2.*, !=3.3.*, !=3.4.*, !=3.5.*"

[package.dependencies]
botocore = ">=1.20.22,<1.21.0"
jmespath = ">=0.7.1,<1.0.0"
s3transfer = ">=0.3.0,<0.4.0"

[[package]]
name = "botocore"
version = "1.20.22"
description = "Low-level, data-driven core of boto 3."
category = "main"
optional = false
python-versions = ">= 2.7, !=3.0.*, !=3.1.*, !=3.2.*, !=3.3.*, !=3.4.*, !=3.5.*"

[package.dependencies]
jmespath = ">=0.7.1,<1.0.0"
python-dateutil = ">=2.1,<3.0.0"
urllib3 = ">=1.25.4,<1.27"

[[package]]
name = "certifi"
version = "2020.12.5"
description = "Python package for providing Mozilla's CA Bundle."
category = "main"
optional = false
python-versions = "*"

[[package]]
name = "chardet"
version = "4.0.0"
description = "Universal encoding detector for Python 2 and 3"
category = "main"
optional = false
python-versions = ">=2.7, !=3.0.*, !=3.1.*, !=3.2.*, !=3.3.*, !=3.4.*"

[[package]]
name = "csv2parquet"
version = "0.0.9"
description = "A tool to convert CSVs to Parquet files"
category = "main"
optional = false
python-versions = "*"

[[package]]
name = "idna"
version = "2.10"
description = "Internationalized Domain Names in Applications (IDNA)"
category = "main"
optional = false
python-versions = ">=2.7, !=3.0.*, !=3.1.*, !=3.2.*, !=3.3.*"

[[package]]
name = "ijson"
version = "3.1.4"
description = "Iterative JSON parser with standard Python iterator interfaces"
category = "main"
optional = false
python-versions = "*"

[[package]]
name = "jmespath"
version = "0.10.0"
description = "JSON Matching Expressions"
category = "main"
optional = false
python-versions = ">=2.6, !=3.0.*, !=3.1.*, !=3.2.*"

[[package]]
name = "numpy"
version = "1.20.1"
description = "NumPy is the fundamental package for array computing with Python."
category = "main"
optional = false
python-versions = ">=3.7"

[[package]]
name = "pyarrow"
version = "3.0.0"
description = "Python library for Apache Arrow"
category = "main"
optional = false
python-versions = ">=3.6"

[package.dependencies]
numpy = ">=1.16.6"

[[package]]
name = "python-dateutil"
version = "2.8.1"
description = "Extensions to the standard Python datetime module"
category = "main"
optional = false
python-versions = "!=3.0.*,!=3.1.*,!=3.2.*,>=2.7"

[package.dependencies]
six = ">=1.5"

[[package]]
name = "pytz"
version = "2021.1"
description = "World timezone definitions, modern and historical"
category = "main"
optional = false
python-versions = "*"

[[package]]
name = "requests"
version = "2.25.1"
description = "Python HTTP for Humans."
category = "main"
optional = false
python-versions = ">=2.7, !=3.0.*, !=3.1.*, !=3.2.*, !=3.3.*, !=3.4.*"

[package.dependencies]
certifi = ">=2017.4.17"
chardet = ">=3.0.2,<5"
idna = ">=2.5,<3"
urllib3 = ">=1.21.1,<1.27"

[package.extras]
security = ["pyOpenSSL (>=0.14)", "cryptography (>=1.3.4)"]
socks = ["PySocks (>=1.5.6,!=1.5.7)", "win-inet-pton"]

[[package]]
name = "s3transfer"
version = "0.3.4"
description = "An Amazon S3 Transfer Manager"
category = "main"
optional = false
python-versions = "*"

[package.dependencies]
botocore = ">=1.12.36,<2.0a.0"

[[package]]
name = "six"
version = "1.15.0"
description = "Python 2 and 3 compatibility utilities"
category = "main"
optional = false
python-versions = ">=2.7, !=3.0.*, !=3.1.*, !=3.2.*"

[[package]]
name = "sodapy"
version = "2.1.0"
description = "Python library for the Socrata Open Data API"
category = "main"
optional = false
python-versions = "*"

[package.dependencies]
requests = ">=2.20.0"

[[package]]
name = "urllib3"
version = "1.26.3"
description = "HTTP library with thread-safe connection pooling, file post, and more."
category = "main"
optional = false
python-versions = ">=2.7, !=3.0.*, !=3.1.*, !=3.2.*, !=3.3.*, !=3.4.*, <4"

[package.extras]
brotli = ["brotlipy (>=0.6.0)"]
secure = ["pyOpenSSL (>=0.14)", "cryptography (>=1.3.4)", "idna (>=2.0.0)", "certifi", "ipaddress"]
socks = ["PySocks (>=1.5.6,!=1.5.7,<2.0)"]

[metadata]
lock-version = "1.1"
python-versions = "^3.7"
content-hash = "d59f3496928210f4a2f839633fb097ba0ace4ec063cf53f3c1aad3618aab1089"

[metadata.files]
boto3 = [
    {file = "boto3-1.17.22-py2.py3-none-any.whl", hash = "sha256:ee03a05669c4e82021db8da61c1e7744f231b7481010917ed9066862c8d3cad9"},
    {file = "boto3-1.17.22.tar.gz", hash = "sha256:4e177c9dd4ac45d9e41867cfb747f4c985d6b05ff14637ac5861a60daa95c7c1"},
]
botocore = [
    {file = "botocore-1.20.22-py2.py3-none-any.whl", hash = "sha256:e92e22275ddc15b80015ee630b14ac3701bd9834bffc0814a65a894d490d2eaf"},
    {file = "botocore-1.20.22.tar.gz", hash = "sha256:32e86f9d18555bd3b4dc694a2639a1c1fc8c8b42a49da543b95ac9d04c40770b"},
]
certifi = [
    {file = "certifi-2020.12.5-py2.py3-none-any.whl", hash = "sha256:719a74fb9e33b9bd44cc7f3a8d94bc35e4049deebe19ba7d8e108280cfd59830"},
    {file = "certifi-2020.12.5.tar.gz", hash = "sha256:1a4995114262bffbc2413b159f2a1a480c969de6e6eb13ee966d470af86af59c"},
]
chardet = [
    {file = "chardet-4.0.0-py2.py3-none-any.whl", hash = "sha256:f864054d66fd9118f2e67044ac8981a54775ec5b67aed0441892edb553d21da5"},
    {file = "chardet-4.0.0.tar.gz", hash = "sha256:0d6f53a15db4120f2b08c94f11e7d93d2c911ee118b6b30a04ec3ee8310179fa"},
]
csv2parquet = [
    {file = "csv2parquet-0.0.9-py3-none-any.whl", hash = "sha256:d090517e13561f3d809505c8b5fd00795bae1373a1677950e368c447a9660690"},
    {file = "csv2parquet-0.0.9.tar.gz", hash = "sha256:eb80cf4aff460636e8f1e62bbc105e047bfde98c504f24f2f4e6c47aa0654472"},
]
idna = [
    {file = "idna-2.10-py2.py3-none-any.whl", hash = "sha256:b97d804b1e9b523befed77c48dacec60e6dcb0b5391d57af6a65a312a90648c0"},
    {file = "idna-2.10.tar.gz", hash = "sha256:b307872f855b18632ce0c21c5e45be78c0ea7ae4c15c828c20788b26921eb3f6"},
]
ijson = [
    {file = "ijson-3.1.4-cp27-cp27m-macosx_10_9_x86_64.whl", hash = "sha256:6c1a777096be5f75ffebb335c6d2ebc0e489b231496b7f2ca903aa061fe7d381"},
    {file = "ijson-3.1.4-cp27-cp27m-manylinux1_i686.whl", hash = "sha256:475fc25c3d2a86230b85777cae9580398b42eed422506bf0b6aacfa936f7bfcd"},
    {file = "ijson-3.1.4-cp27-cp27m-manylinux1_x86_64.whl", hash = "sha256:f587699b5a759e30accf733e37950cc06c4118b72e3e146edcea77dded467426"},
    {file = "ijson-3.1.4-cp27-cp27m-manylinux2010_i686.whl", hash = "sha256:339b2b4c7bbd64849dd69ef94ee21e29dcd92c831f47a281fdd48122bb2a715a"},
    {file = "ijson-3.1.4-cp27-cp27m-manylinux2010_x86_64.whl", hash = "sha256:446ef8980504da0af8d20d3cb6452c4dc3d8aa5fd788098985e899b913191fe6"},
    {file = "ijson-3.1.4-cp27-cp27mu-manylinux1_i686.whl", hash = "sha256:3997a2fdb28bc04b9ab0555db5f3b33ed28d91e9d42a3bf2c1842d4990beb158"},
    {file = "ijson-3.1.4-cp27-cp27mu-manylinux1_x86_64.whl", hash = "sha256:fa10a1d88473303ec97aae23169d77c5b92657b7fb189f9c584974c00a79f383"},
    {file = "ijson-3.1.4-cp27-cp27mu-manylinux2010_i686.whl", hash = "sha256:9a5bf5b9d8f2ceaca131ee21fc7875d0f34b95762f4f32e4d65109ca46472147"},
    {file = "ijson-3.1.4-cp27-cp27mu-manylinux2010_x86_64.whl", hash = "sha256:81cc8cee590c8a70cca3c9aefae06dd7cb8e9f75f3a7dc12b340c2e332d33a2a"},
    {file = "ijson-3.1.4-cp35-cp35m-macosx_10_9_x86_64.whl", hash = "sha256:3b98861a4280cf09d267986cefa46c3bd80af887eae02aba07488d80eb798afa"},
    {file = "ijson-3.1.4-cp35-cp35m-manylinux1_i686.whl", hash = "sha256:068c692efba9692406b86736dcc6803e4a0b6280d7f0b7534bff3faec677ff38"},
    {file = "ijson-3.1.4-cp35-cp35m-manylinux1_x86_64.whl", hash = "sha256:86884ac06ac69cea6d89ab7b84683b3b4159c4013e4a20276d3fc630fe9b7588"},
    {file = "ijson-3.1.4-cp35-cp35m-manylinux2010_i686.whl", hash = "sha256:41e5886ff6fade26f10b87edad723d2db14dcbb1178717790993fcbbb8ccd333"},
    {file = "ijson-3.1.4-cp35-cp35m-manylinux2010_x86_64.whl", hash = "sha256:24b58933bf777d03dc1caa3006112ec7f9e6f6db6ffe1f5f5bd233cb1281f719"},
    {file = "ijson-3.1.4-cp35-cp35m-manylinux2014_aarch64.whl", hash = "sha256:13f80aad0b84d100fb6a88ced24bade21dc6ddeaf2bba3294b58728463194f50"},
    {file = "ijson-3.1.4-cp35-cp35m-win32.whl", hash = "sha256:fa9a25d0bd32f9515e18a3611690f1de12cb7d1320bd93e9da835936b41ad3ff"},
    {file = "ijson-3.1.4-cp35-cp35m-win_amd64.whl", hash = "sha256:c4c1bf98aaab4c8f60d238edf9bcd07c896cfcc51c2ca84d03da22aad88957c5"},
    {file = "ijson-3.1.4-cp36-cp36m-macosx_10_9_x86_64.whl", hash = "sha256:f0f2a87c423e8767368aa055310024fa28727f4454463714fef22230c9717f64"},
    {file = "ijson-3.1.4-cp36-cp36m-manylinux1_i686.whl", hash = "sha256:15507de59d74d21501b2a076d9c49abf927eb58a51a01b8f28a0a0565db0a99f"},
    {file = "ijson-3.1.4-cp36-cp36m-manylinux1_x86_64.whl", hash = "sha256:2e6bd6ad95ab40c858592b905e2bbb4fe79bbff415b69a4923dafe841ffadcb4"},
    {file = "ijson-3.1.4-cp36-cp36m-manylinux2010_i686.whl", hash = "sha256:68e295bb12610d086990cedc89fb8b59b7c85740d66e9515aed062649605d0bf"},
    {file = "ijson-3.1.4-cp36-cp36m-manylinux2010_x86_64.whl", hash = "sha256:3bb461352c0f0f2ec460a4b19400a665b8a5a3a2da663a32093df1699642ee3f"},
    {file = "ijson-3.1.4-cp36-cp36m-manylinux2014_aarch64.whl", hash = "sha256:f91c75edd6cf1a66f02425bafc59a22ec29bc0adcbc06f4bfd694d92f424ceb3"},
    {file = "ijson-3.1.4-cp36-cp36m-win32.whl", hash = "sha256:4c53cc72f79a4c32d5fc22efb85aa22f248e8f4f992707a84bdc896cc0b1ecf9"},
    {file = "ijson-3.1.4-cp36-cp36m-win_amd64.whl", hash = "sha256:ac9098470c1ff6e5c23ec0946818bc102bfeeeea474554c8d081dc934be20988"},
    {file = "ijson-3.1.4-cp37-cp37m-macosx_10_9_x86_64.whl", hash = "sha256:dcd6f04df44b1945b859318010234651317db2c4232f75e3933f8bb41c4fa055"},
    {file = "ijson-3.1.4-cp37-cp37m-manylinux1_i686.whl", hash = "sha256:5a2f40c053c837591636dc1afb79d85e90b9a9d65f3d9963aae31d1eb11bfed2"},
    {file = "ijson-3.1.4-cp37-cp37m-manylinux1_x86_64.whl", hash = "sha256:f50337e3b8e72ec68441b573c2848f108a8976a57465c859b227ebd2a2342901"},
    {file = "ijson-3.1.4-cp37-cp37m-manylinux2010_i686.whl", hash = "sha256:454918f908abbed3c50a0a05c14b20658ab711b155e4f890900e6f60746dd7cc"},
    {file = "ijson-3.1.4-cp37-cp37m-manylinux2010_x86_64.whl", hash = "sha256:387c2ec434cc1bc7dc9bd33ec0b70d95d443cc1e5934005f26addc2284a437ab"},
    {file = "ijson-3.1.4-cp37-cp37m-manylinux2014_aarch64.whl", hash = "sha256:179ed6fd42e121d252b43a18833df2de08378fac7bce380974ef6f5e522afefa"},
    {file = "ijson-3.1.4-cp37-cp37m-win32.whl", hash = "sha256:26a6a550b270df04e3f442e2bf0870c9362db4912f0e7bdfd300f30ea43115a2"},
    {file = "ijson-3.1.4-cp37-cp37m-win_amd64.whl", hash = "sha256:ff8cf7507d9d8939264068c2cff0a23f99703fa2f31eb3cb45a9a52798843586"},
    {file = "ijson-3.1.4-cp38-cp38-macosx_10_9_x86_64.whl", hash = "sha256:09c9d7913c88a6059cd054ff854958f34d757402b639cf212ffbec201a705a0d"},
    {file = "ijson-3.1.4-cp38-cp38-manylinux1_i686.whl", hash = "sha256:702ba9a732116d659a5e950ee176be6a2e075998ef1bcde11cbf79a77ed0f717"},
    {file = "ijson-3.1.4-cp38-cp38-manylinux1_x86_64.whl", hash = "sha256:667841591521158770adc90793c2bdbb47c94fe28888cb802104b8bbd61f3d51"},
    {file = "ijson-3.1.4-cp38-cp38-manylinux2010_i686.whl", hash = "sha256:df641dd07b38c63eecd4f454db7b27aa5201193df160f06b48111ba97ab62504"},
    {file = "ijson-3.1.4-cp38-cp38-manylinux2010_x86_64.whl", hash = "sha256:9348e7d507eb40b52b12eecff3d50934fcc3d2a15a2f54ec1127a36063b9ba8f"},
    {file = "ijson-3.1.4-cp38-cp38-manylinux2014_aarch64.whl", hash = "sha256:93455902fdc33ba9485c7fae63ac95d96e0ab8942224a357113174bbeaff92e9"},
    {file = "ijson-3.1.4-cp38-cp38-win32.whl", hash = "sha256:5b725f2e984ce70d464b195f206fa44bebbd744da24139b61fec72de77c03a16"},
    {file = "ijson-3.1.4-cp38-cp38-win_amd64.whl", hash = "sha256:a5965c315fbb2dc9769dfdf046eb07daf48ae20b637da95ec8d62b629be09df4"},
    {file = "ijson-3.1.4-cp39-cp39-macosx_10_9_x86_64.whl", hash = "sha256:b8ee7dbb07cec9ba29d60cfe4954b3cc70adb5f85bba1f72225364b59c1cf82b"},
    {file = "ijson-3.1.4-cp39-cp39-manylinux1_i686.whl", hash = "sha256:d9e01c55d501e9c3d686b6ee3af351c9c0c8c3e45c5576bd5601bee3e1300b09"},
    {file = "ijson-3.1.4-cp39-cp39-manylinux1_x86_64.whl", hash = "sha256:297f26f27a04cd0d0a2f865d154090c48ea11b239cabe0a17a6c65f0314bd1ca"},
    {file = "ijson-3.1.4-cp39-cp39-manylinux2010_i686.whl", hash = "sha256:9239973100338a4138d09d7a4602bd289861e553d597cd67390c33bfc452253e"},
    {file = "ijson-3.1.4-cp39-cp39-manylinux2010_x86_64.whl", hash = "sha256:2a64c66a08f56ed45a805691c2fd2e1caef00edd6ccf4c4e5eff02cd94ad8364"},
    {file = "ijson-3.1.4-cp39-cp39-manylinux2014_aarch64.whl", hash = "sha256:d17fd199f0d0a4ab6e0d541b4eec1b68b5bd5bb5d8104521e22243015b51049b"},
    {file = "ijson-3.1.4-cp39-cp39-win32.whl", hash = "sha256:70ee3c8fa0eba18c80c5911639c01a8de4089a4361bad2862a9949e25ec9b1c8"},
    {file = "ijson-3.1.4-cp39-cp39-win_amd64.whl", hash = "sha256:6bf2b64304321705d03fa5e403ec3f36fa5bb27bf661849ad62e0a3a49bc23e3"},
    {file = "ijson-3.1.4-pp27-pypy_73-macosx_10_9_x86_64.whl", hash = "sha256:5d7e3fcc3b6de76a9dba1e9fc6ca23dad18f0fa6b4e6499415e16b684b2e9af1"},
    {file = "ijson-3.1.4-pp27-pypy_73-manylinux1_x86_64.whl", hash = "sha256:a72eb0359ebff94754f7a2f00a6efe4c57716f860fc040c606dedcb40f49f233"},
    {file = "ijson-3.1.4-pp27-pypy_73-manylinux2010_x86_64.whl", hash = "sha256:28fc168f5faf5759fdfa2a63f85f1f7a148bbae98f34404a6ba19f3d08e89e87"},
    {file = "ijson-3.1.4-pp36-pypy36_pp73-macosx_10_9_x86_64.whl", hash = "sha256:2844d4a38d27583897ed73f7946e205b16926b4cab2525d1ce17e8b08064c706"},
    {file = "ijson-3.1.4-pp36-pypy36_pp73-manylinux1_x86_64.whl", hash = "sha256:252defd1f139b5fb8c764d78d5e3a6df81543d9878c58992a89b261369ea97a7"},
    {file = "ijson-3.1.4-pp36-pypy36_pp73-manylinux2010_x86_64.whl", hash = "sha256:15d5356b4d090c699f382c8eb6a2bcd5992a8c8e8b88c88bc6e54f686018328a"},
    {file = "ijson-3.1.4-pp36-pypy36_pp73-win32.whl", hash = "sha256:6774ec0a39647eea70d35fb76accabe3d71002a8701c0545b9120230c182b75b"},
    {file = "ijson-3.1.4-pp37-pypy37_pp73-macosx_10_9_x86_64.whl", hash = "sha256:f11da15ec04cc83ff0f817a65a3392e169be8d111ba81f24d6e09236597bb28c"},
    {file = "ijson-3.1.4-pp37-pypy37_pp73-manylinux1_x86_64.whl", hash = "sha256:ee13ceeed9b6cf81b3b8197ef15595fc43fd54276842ed63840ddd49db0603da"},
    {file = "ijson-3.1.4-pp37-pypy37_pp73-manylinux2010_x86_64.whl", hash = "sha256:97e4df67235fae40d6195711223520d2c5bf1f7f5087c2963fcde44d72ebf448"},
    {file = "ijson-3.1.4-pp37-pypy37_pp73-win32.whl", hash = "sha256:3d10eee52428f43f7da28763bb79f3d90bbbeea1accb15de01e40a00885b6e89"},
    {file = "ijson-3.1.4.tar.gz", hash = "sha256:1d1003ae3c6115ec9b587d29dd136860a81a23c7626b682e2b5b12c9fd30e4ea"},
]
jmespath = [
    {file = "jmespath-0.10.0-py2.py3-none-any.whl", hash = "sha256:cdf6525904cc597730141d61b36f2e4b8ecc257c420fa2f4549bac2c2d0cb72f"},
    {file = "jmespath-0.10.0.tar.gz", hash = "sha256:b85d0567b8666149a93172712e68920734333c0ce7e89b78b3e987f71e5ed4f9"},
]
numpy = [
    {file = "numpy-1.20.1-cp37-cp37m-macosx_10_9_x86_64.whl", hash = "sha256:ae61f02b84a0211abb56462a3b6cd1e7ec39d466d3160eb4e1da8bf6717cdbeb"},
    {file = "numpy-1.20.1-cp37-cp37m-manylinux1_i686.whl", hash = "sha256:65410c7f4398a0047eea5cca9b74009ea61178efd78d1be9847fac1d6716ec1e"},
    {file = "numpy-1.20.1-cp37-cp37m-manylinux1_x86_64.whl", hash = "sha256:2d7e27442599104ee08f4faed56bb87c55f8b10a5494ac2ead5c98a4b289e61f"},
    {file = "numpy-1.20.1-cp37-cp37m-manylinux2010_i686.whl", hash = "sha256:4ed8e96dc146e12c1c5cdd6fb9fd0757f2ba66048bf94c5126b7efebd12d0090"},
    {file = "numpy-1.20.1-cp37-cp37m-manylinux2010_x86_64.whl", hash = "sha256:ecb5b74c702358cdc21268ff4c37f7466357871f53a30e6f84c686952bef16a9"},
    {file = "numpy-1.20.1-cp37-cp37m-manylinux2014_aarch64.whl", hash = "sha256:b9410c0b6fed4a22554f072a86c361e417f0258838957b78bd063bde2c7f841f"},
    {file = "numpy-1.20.1-cp37-cp37m-win32.whl", hash = "sha256:3d3087e24e354c18fb35c454026af3ed8997cfd4997765266897c68d724e4845"},
    {file = "numpy-1.20.1-cp37-cp37m-win_amd64.whl", hash = "sha256:89f937b13b8dd17b0099c7c2e22066883c86ca1575a975f754babc8fbf8d69a9"},
    {file = "numpy-1.20.1-cp38-cp38-macosx_10_9_x86_64.whl", hash = "sha256:a1d7995d1023335e67fb070b2fae6f5968f5be3802b15ad6d79d81ecaa014fe0"},
    {file = "numpy-1.20.1-cp38-cp38-manylinux1_i686.whl", hash = "sha256:60759ab15c94dd0e1ed88241fd4fa3312db4e91d2c8f5a2d4cf3863fad83d65b"},
    {file = "numpy-1.20.1-cp38-cp38-manylinux1_x86_64.whl", hash = "sha256:125a0e10ddd99a874fd357bfa1b636cd58deb78ba4a30b5ddb09f645c3512e04"},
    {file = "numpy-1.20.1-cp38-cp38-manylinux2010_i686.whl", hash = "sha256:c26287dfc888cf1e65181f39ea75e11f42ffc4f4529e5bd19add57ad458996e2"},
    {file = "numpy-1.20.1-cp38-cp38-manylinux2010_x86_64.whl", hash = "sha256:7199109fa46277be503393be9250b983f325880766f847885607d9b13848f257"},
    {file = "numpy-1.20.1-cp38-cp38-manylinux2014_aarch64.whl", hash = "sha256:72251e43ac426ff98ea802a931922c79b8d7596480300eb9f1b1e45e0543571e"},
    {file = "numpy-1.20.1-cp38-cp38-win32.whl", hash = "sha256:c91ec9569facd4757ade0888371eced2ecf49e7982ce5634cc2cf4e7331a4b14"},
    {file = "numpy-1.20.1-cp38-cp38-win_amd64.whl", hash = "sha256:13adf545732bb23a796914fe5f891a12bd74cf3d2986eed7b7eba2941eea1590"},
    {file = "numpy-1.20.1-cp39-cp39-macosx_10_9_x86_64.whl", hash = "sha256:104f5e90b143dbf298361a99ac1af4cf59131218a045ebf4ee5990b83cff5fab"},
    {file = "numpy-1.20.1-cp39-cp39-manylinux2010_i686.whl", hash = "sha256:89e5336f2bec0c726ac7e7cdae181b325a9c0ee24e604704ed830d241c5e47ff"},
    {file = "numpy-1.20.1-cp39-cp39-manylinux2010_x86_64.whl", hash = "sha256:032be656d89bbf786d743fee11d01ef318b0781281241997558fa7950028dd29"},
    {file = "numpy-1.20.1-cp39-cp39-manylinux2014_aarch64.whl", hash = "sha256:66b467adfcf628f66ea4ac6430ded0614f5cc06ba530d09571ea404789064adc"},
    {file = "numpy-1.20.1-cp39-cp39-win32.whl", hash = "sha256:12e4ba5c6420917571f1a5becc9338abbde71dd811ce40b37ba62dec7b39af6d"},
    {file = "numpy-1.20.1-cp39-cp39-win_amd64.whl", hash = "sha256:9c94cab5054bad82a70b2e77741271790304651d584e2cdfe2041488e753863b"},
    {file = "numpy-1.20.1-pp37-pypy37_pp73-manylinux2010_x86_64.whl", hash = "sha256:9eb551d122fadca7774b97db8a112b77231dcccda8e91a5bc99e79890797175e"},
    {file = "numpy-1.20.1.zip", hash = "sha256:3bc63486a870294683980d76ec1e3efc786295ae00128f9ea38e2c6e74d5a60a"},
]
pyarrow = [
    {file = "pyarrow-3.0.0-cp36-cp36m-macosx_10_13_x86_64.whl", hash = "sha256:03e2435da817bc2b5d0fad6f2e53305eb36c24004ddfcb2b30e4217a1a80cf22"},
    {file = "pyarrow-3.0.0-cp36-cp36m-macosx_10_9_x86_64.whl", hash = "sha256:2be3a9eab4bfd00024dc3c83fa03de1c1d04a0f47ebaf3dc483cd100546eacbf"},
    {file = "pyarrow-3.0.0-cp36-cp36m-manylinux2010_x86_64.whl", hash = "sha256:a76031ef19d11db2fef79a97cc69997c97bea35aa07efbe042a177c7e3b1a390"},
    {file = "pyarrow-3.0.0-cp36-cp36m-manylinux2014_x86_64.whl", hash = "sha256:a07e286e81ceb20f8f0c45f69760d2ebc434fe83794d5f9b44f89fc2dc6dc24d"},
    {file = "pyarrow-3.0.0-cp36-cp36m-win_amd64.whl", hash = "sha256:cfea99a01d844c3db5e25374a6cdcf3b5ba1698bfe95d41272c295a4581e884c"},
    {file = "pyarrow-3.0.0-cp37-cp37m-macosx_10_13_x86_64.whl", hash = "sha256:d5666a7fa2668f3ff95df028c2072d59e8b17e73d682068e8505dafa2688f3cc"},
    {file = "pyarrow-3.0.0-cp37-cp37m-macosx_10_9_x86_64.whl", hash = "sha256:3ea6574d1ae2d9bff7e6e1715f64c31bdc01b42387a5c78311a8ce9c09cfe135"},
    {file = "pyarrow-3.0.0-cp37-cp37m-manylinux2010_x86_64.whl", hash = "sha256:2d5c95eb04a3d2e786e097b53534893eade6c8b3faf10f53a06143384b4446b1"},
    {file = "pyarrow-3.0.0-cp37-cp37m-manylinux2014_x86_64.whl", hash = "sha256:31e6fc0868963aba4e6b8a3e218c9a5ff347bca870d622da0b3d58269d0c5398"},
    {file = "pyarrow-3.0.0-cp37-cp37m-win_amd64.whl", hash = "sha256:960a9b0fd599601ddac42f16d5acf049637ec08957359c6741d6eb2bf0dbae97"},
    {file = "pyarrow-3.0.0-cp38-cp38-macosx_10_13_x86_64.whl", hash = "sha256:2c3353d38d137f1158595b3b18dcef711f3d8fdb57cf7ae2d861d07235064bc1"},
    {file = "pyarrow-3.0.0-cp38-cp38-macosx_10_9_x86_64.whl", hash = "sha256:72206cde1857d5420601feae75f53921cffab4326b42262a858c7b8be67982b7"},
    {file = "pyarrow-3.0.0-cp38-cp38-manylinux2010_x86_64.whl", hash = "sha256:dec007a0f7adba86bd170252140ede01646b45c3a470d5862ce00d8e40cd29bd"},
    {file = "pyarrow-3.0.0-cp38-cp38-manylinux2014_x86_64.whl", hash = "sha256:bf6684fe9e38f8ddb696e38901461eab783ec1d565974ebd5862270320b3e27f"},
    {file = "pyarrow-3.0.0-cp38-cp38-win_amd64.whl", hash = "sha256:3b46487c45faaea8d1a5aa65002e2832ae2e1c9e68ecb461cda4fa59891cf490"},
    {file = "pyarrow-3.0.0-cp39-cp39-macosx_10_13_x86_64.whl", hash = "sha256:978bbe8ec9090d1133a25f00f32ed92600f9d315fbfa29a17952bee01f0d7fe5"},
    {file = "pyarrow-3.0.0-cp39-cp39-macosx_10_9_x86_64.whl", hash = "sha256:b7a8903f2b8a80498725ef5d4a35cd7dd5a98b74e080d42692545e61a6cbfbe4"},
    {file = "pyarrow-3.0.0-cp39-cp39-manylinux2010_x86_64.whl", hash = "sha256:b1cf92df9f336f31706249e543dc0ffce3c67a78204ce540f1173c6c07dfafec"},
    {file = "pyarrow-3.0.0-cp39-cp39-manylinux2014_x86_64.whl", hash = "sha256:b08c119cc2b9fcd1567797fedb245a2f4352a3084a22b7298272afe7cf7a4730"},
    {file = "pyarrow-3.0.0-cp39-cp39-win_amd64.whl", hash = "sha256:5faa2dc73444bdcf042f121383965a47362be1f946303d46e8fd80f8d26cd90c"},
    {file = "pyarrow-3.0.0.tar.gz", hash = "sha256:4bf8cc43e1db1e0517466209ee8e8f459d9b5e1b4074863317f2a965cf59889e"},
]
python-dateutil = [
    {file = "python-dateutil-2.8.1.tar.gz", hash = "sha256:73ebfe9dbf22e832286dafa60473e4cd239f8592f699aa5adaf10050e6e1823c"},
    {file = "python_dateutil-2.8.1-py2.py3-none-any.whl", hash = "sha256:75bb3f31ea686f1197762692a9ee6a7550b59fc6ca3a1f4b5d7e32fb98e2da2a"},
]
pytz = [
    {file = "pytz-2021.1-py2.py3-none-any.whl", hash = "sha256:eb10ce3e7736052ed3623d49975ce333bcd712c7bb19a58b9e2089d4057d0798"},
    {file = "pytz-2021.1.tar.gz", hash = "sha256:83a4a90894bf38e243cf052c8b58f381bfe9a7a483f6a9cab140bc7f702ac4da"},
]
requests = [
    {file = "requests-2.25.1-py2.py3-none-any.whl", hash = "sha256:c210084e36a42ae6b9219e00e48287def368a26d03a048ddad7bfee44f75871e"},
    {file = "requests-2.25.1.tar.gz", hash = "sha256:27973dd4a904a4f13b263a19c866c13b92a39ed1c964655f025f3f8d3d75b804"},
]
s3transfer = [
    {file = "s3transfer-0.3.4-py2.py3-none-any.whl", hash = "sha256:1e28620e5b444652ed752cf87c7e0cb15b0e578972568c6609f0f18212f259ed"},
    {file = "s3transfer-0.3.4.tar.gz", hash = "sha256:7fdddb4f22275cf1d32129e21f056337fd2a80b6ccef1664528145b72c49e6d2"},
]
six = [
    {file = "six-1.15.0-py2.py3-none-any.whl", hash = "sha256:8b74bedcbbbaca38ff6d7491d76f2b06b3592611af620f8426e82dddb04a5ced"},
    {file = "six-1.15.0.tar.gz", hash = "sha256:30639c035cdb23534cd4aa2dd52c3bf48f06e5f4a941509c8bafd8ce11080259"},
]
sodapy = [
    {file = "sodapy-2.1.0-py2.py3-none-any.whl", hash = "sha256:c1d30f01eab50014c356b4e315368a3beb914b2c4fb78af48edc5721866a7f26"},
    {file = "sodapy-2.1.0.tar.gz", hash = "sha256:44e701efc16600d2b3b24b56b6e1d3a0e55567909b9ac84af8f9d1eb4870dc0f"},
]
urllib3 = [
    {file = "urllib3-1.26.3-py2.py3-none-any.whl", hash = "sha256:1b465e494e3e0d8939b50680403e3aedaa2bc434b7d5af64dfd3c958d7f5ae80"},
    {file = "urllib3-1.26.3.tar.gz", hash = "sha256:de3eedaad74a2683334e282005cd8d7f22f4d55fa690a2a1020a416cb0a47e73"},
]
